
Microsoft Visual Studio Solution File, Format Version 12.00
# Visual Studio 15
VisualStudioVersion = 15.0.27428.2015
MinimumVisualStudioVersion = 10.0.40219.1
Project("{FAE04EC0-301F-11D3-BF4B-00C04F79EFBC}") = "Tcp服务端", "Tcp服务端\Tcp服务端.csproj", "{79A4FCA0-4051-4539-94CE-FE3DF861998F}"
EndProject
Project("{FAE04EC0-301F-11D3-BF4B-00C04F79EFBC}") = "Tcp客户端", "Tcp客户端\Tcp客户端.csproj", "{D84DD270-1110-4B98-98A5-F74F94355912}"
EndProject
Global
	GlobalSection(SolutionConfigurationPlatforms) = preSolution
		Debug|Any CPU = Debug|Any CPU
		Release|Any CPU = Release|Any CPU
	EndGlobalSection
	GlobalSection(ProjectConfigurationPlatforms) = postSolution
		{79A4FCA0-4051-4539-94CE-FE3DF861998F}.Debug|Any CPU.ActiveCfg = Debug|Any CPU
		{79A4FCA0-4051-4539-94CE-FE3DF861998F}.Debug|Any CPU.Build.0 = Debug|Any CPU
		{79A4FCA0-4051-4539-94CE-FE3DF861998F}.Release|Any CPU.ActiveCfg = Release|Any CPU
		{79A4FCA0-4051-4539-94CE-FE3DF861998F}.Release|Any CPU.Build.0 = Release|Any CPU
		{D84DD270-1110-4B98-98A5-F74F94355912}.Debug|Any CPU.ActiveCfg = Debug|Any CPU
		{D84DD270-1110-4B98-98A5-F74F94355912}.Debug|Any CPU.Build.0 = Debug|Any CPU
		{D84DD270-1110-4B98-98A5-F74F94355912}.Release|Any CPU.ActiveCfg = Release|Any CPU
		{D84DD270-1110-4B98-98A5-F74F94355912}.Release|Any CPU.Build.0 = Release|Any CPU
	EndGlobalSection
	GlobalSection(SolutionProperties) = preSolution
		HideSolutionNode = FALSE
	EndGlobalSection
	GlobalSection(ExtensibilityGlobals) = postSolution
		SolutionGuid = {B1F22046-4B1A-46EA-836F-FA8B17931704}
	EndGlobalSection
EndGlobal
